
Microsoft Visual Studio Solution File, Format Version 12.00
# Visual Studio Version 17
VisualStudioVersion = 17.11.35312.102
MinimumVisualStudioVersion = 10.0.40219.1
Project("{FAE04EC0-301F-11D3-BF4B-00C04F79EFBC}") = "ConnectorTest", "ConnectorTest\ConnectorTest.csproj", "{28A4AD4B-A430-4030-9A53-DECA396AD620}"
EndProject
Project("{FAE04EC0-301F-11D3-BF4B-00C04F79EFBC}") = "TestHQ", "TestHQ\TestHQ.csproj", "{C7C48874-90A4-4986-9F51-611A44FB08FB}"
EndProject
Global
	GlobalSection(SolutionConfigurationPlatforms) = preSolution
		Debug|Any CPU = Debug|Any CPU
		Release|Any CPU = Release|Any CPU
	EndGlobalSection
	GlobalSection(ProjectConfigurationPlatforms) = postSolution
		{28A4AD4B-A430-4030-9A53-DECA396AD620}.Debug|Any CPU.ActiveCfg = Debug|Any CPU
		{28A4AD4B-A430-4030-9A53-DECA396AD620}.Debug|Any CPU.Build.0 = Debug|Any CPU
		{28A4AD4B-A430-4030-9A53-DECA396AD620}.Release|Any CPU.ActiveCfg = Release|Any CPU
		{28A4AD4B-A430-4030-9A53-DECA396AD620}.Release|Any CPU.Build.0 = Release|Any CPU
		{C7C48874-90A4-4986-9F51-611A44FB08FB}.Debug|Any CPU.ActiveCfg = Debug|Any CPU
		{C7C48874-90A4-4986-9F51-611A44FB08FB}.Debug|Any CPU.Build.0 = Debug|Any CPU
		{C7C48874-90A4-4986-9F51-611A44FB08FB}.Release|Any CPU.ActiveCfg = Release|Any CPU
		{C7C48874-90A4-4986-9F51-611A44FB08FB}.Release|Any CPU.Build.0 = Release|Any CPU
	EndGlobalSection
	GlobalSection(SolutionProperties) = preSolution
		HideSolutionNode = FALSE
	EndGlobalSection
	GlobalSection(ExtensibilityGlobals) = postSolution
		SolutionGuid = {E9D6215E-A262-407A-A492-3F9218CDA9C7}
	EndGlobalSection
EndGlobal
